
Microsoft Visual Studio Solution File, Format Version 12.00
# Visual Studio Version 17
VisualStudioVersion = 17.2.32602.215
MinimumVisualStudioVersion = 10.0.40219.1
Project("{FAE04EC0-301F-11D3-BF4B-00C04F79EFBC}") = "REPIGE", "REPIGE.csproj", "{6843DC6A-196A-47FA-90EB-956C391D3FF7}"
EndProject
Global
	GlobalSection(SolutionConfigurationPlatforms) = preSolution
		Debug|Any CPU = Debug|Any CPU
		Release|Any CPU = Release|Any CPU
	EndGlobalSection
	GlobalSection(ProjectConfigurationPlatforms) = postSolution
		{6843DC6A-196A-47FA-90EB-956C391D3FF7}.Debug|Any CPU.ActiveCfg = Debug|Any CPU
		{6843DC6A-196A-47FA-90EB-956C391D3FF7}.Debug|Any CPU.Build.0 = Debug|Any CPU
		{6843DC6A-196A-47FA-90EB-956C391D3FF7}.Release|Any CPU.ActiveCfg = Release|Any CPU
		{6843DC6A-196A-47FA-90EB-956C391D3FF7}.Release|Any CPU.Build.0 = Release|Any CPU
	EndGlobalSection
	GlobalSection(SolutionProperties) = preSolution
		HideSolutionNode = FALSE
	EndGlobalSection
	GlobalSection(ExtensibilityGlobals) = postSolution
		SolutionGuid = {D87FA5F5-C6FA-4D0B-943A-85A765F6FF1F}
	EndGlobalSection
EndGlobal
